
Microsoft Visual Studio Solution File, Format Version 12.00
# Visual Studio Version 16
VisualStudioVersion = 16.0.29806.167
MinimumVisualStudioVersion = 10.0.40219.1
Project("{FAE04EC0-301F-11D3-BF4B-00C04F79EFBC}") = "Exam", "Exam\Exam.csproj", "{E8AFBF5F-5958-45A7-9B8F-E12398A988A3}"
EndProject
Project("{FAE04EC0-301F-11D3-BF4B-00C04F79EFBC}") = "DAL", "DAL\DAL.csproj", "{E74E4231-F9C3-4A63-91B4-138BA5162675}"
EndProject
Project("{FAE04EC0-301F-11D3-BF4B-00C04F79EFBC}") = "Domain", "Domain\Domain.csproj", "{3AABA47B-DD8B-4AB6-BFDF-EDFB0F194C11}"
EndProject
Global
	GlobalSection(SolutionConfigurationPlatforms) = preSolution
		Debug|Any CPU = Debug|Any CPU
		Release|Any CPU = Release|Any CPU
	EndGlobalSection
	GlobalSection(ProjectConfigurationPlatforms) = postSolution
		{E8AFBF5F-5958-45A7-9B8F-E12398A988A3}.Debug|Any CPU.ActiveCfg = Debug|Any CPU
		{E8AFBF5F-5958-45A7-9B8F-E12398A988A3}.Debug|Any CPU.Build.0 = Debug|Any CPU
		{E8AFBF5F-5958-45A7-9B8F-E12398A988A3}.Release|Any CPU.ActiveCfg = Release|Any CPU
		{E8AFBF5F-5958-45A7-9B8F-E12398A988A3}.Release|Any CPU.Build.0 = Release|Any CPU
		{E74E4231-F9C3-4A63-91B4-138BA5162675}.Debug|Any CPU.ActiveCfg = Debug|Any CPU
		{E74E4231-F9C3-4A63-91B4-138BA5162675}.Debug|Any CPU.Build.0 = Debug|Any CPU
		{E74E4231-F9C3-4A63-91B4-138BA5162675}.Release|Any CPU.ActiveCfg = Release|Any CPU
		{E74E4231-F9C3-4A63-91B4-138BA5162675}.Release|Any CPU.Build.0 = Release|Any CPU
		{3AABA47B-DD8B-4AB6-BFDF-EDFB0F194C11}.Debug|Any CPU.ActiveCfg = Debug|Any CPU
		{3AABA47B-DD8B-4AB6-BFDF-EDFB0F194C11}.Debug|Any CPU.Build.0 = Debug|Any CPU
		{3AABA47B-DD8B-4AB6-BFDF-EDFB0F194C11}.Release|Any CPU.ActiveCfg = Release|Any CPU
		{3AABA47B-DD8B-4AB6-BFDF-EDFB0F194C11}.Release|Any CPU.Build.0 = Release|Any CPU
	EndGlobalSection
	GlobalSection(SolutionProperties) = preSolution
		HideSolutionNode = FALSE
	EndGlobalSection
	GlobalSection(ExtensibilityGlobals) = postSolution
		SolutionGuid = {8AB68313-9400-4DD4-925E-8A53D4D9D69C}
	EndGlobalSection
EndGlobal
